// !$*UTF8*$!
{
	archiveVersion = 1;
	classes = {
	};
	objectVersion = 56;
	objects = {

/* Begin PBXBuildFile section */
		D66AE4FC2B7D7B6400B5AF64 /* SuppTrackSwtiftApp.swift in Sources */ = {isa = PBXBuildFile; fileRef = D66AE4FB2B7D7B6400B5AF64 /* SuppTrackSwtiftApp.swift */; };
		D66AE4FE2B7D7B6400B5AF64 /* ContentView.swift in Sources */ = {isa = PBXBuildFile; fileRef = D66AE4FD2B7D7B6400B5AF64 /* ContentView.swift */; };
		D66AE5002B7D7B6600B5AF64 /* Assets.xcassets in Resources */ = {isa = PBXBuildFile; fileRef = D66AE4FF2B7D7B6600B5AF64 /* Assets.xcassets */; };
		D66AE5032B7D7B6600B5AF64 /* Preview Assets.xcassets in Resources */ = {isa = PBXBuildFile; fileRef = D66AE5022B7D7B6600B5AF64 /* Preview Assets.xcassets */; };
		D66AE50A2B7D7D9D00B5AF64 /* LoginScreen.swift in Sources */ = {isa = PBXBuildFile; fileRef = D66AE5092B7D7D9D00B5AF64 /* LoginScreen.swift */; };
		D66AE50C2B7D7E4600B5AF64 /* CreateAccount.swift in Sources */ = {isa = PBXBuildFile; fileRef = D66AE50B2B7D7E4600B5AF64 /* CreateAccount.swift */; };
		D66AE50E2B7D80B400B5AF64 /* CreateAccountTwo.swift in Sources */ = {isa = PBXBuildFile; fileRef = D66AE50D2B7D80B400B5AF64 /* CreateAccountTwo.swift */; };
		D66D897A2B87DFD70042C719 /* HomeScreen.swift in Sources */ = {isa = PBXBuildFile; fileRef = D66D89792B87DFD70042C719 /* HomeScreen.swift */; };
		D66D897C2B87E0D80042C719 /* Settings.swift in Sources */ = {isa = PBXBuildFile; fileRef = D66D897B2B87E0D80042C719 /* Settings.swift */; };
		D66D89802B87E0F60042C719 /* SystemPreferences.swift in Sources */ = {isa = PBXBuildFile; fileRef = D66D897F2B87E0F60042C719 /* SystemPreferences.swift */; };
		D66D89822B87E1080042C719 /* RecentlyViewed.swift in Sources */ = {isa = PBXBuildFile; fileRef = D66D89812B87E1080042C719 /* RecentlyViewed.swift */; };
		D66D89842B87E11C0042C719 /* Scanner.swift in Sources */ = {isa = PBXBuildFile; fileRef = D66D89832B87E11C0042C719 /* Scanner.swift */; };
		D66D89862B87E12A0042C719 /* MarketPlace.swift in Sources */ = {isa = PBXBuildFile; fileRef = D66D89852B87E12A0042C719 /* MarketPlace.swift */; };
		D66D89882B87E1370042C719 /* Menu.swift in Sources */ = {isa = PBXBuildFile; fileRef = D66D89872B87E1370042C719 /* Menu.swift */; };
		D6772EA32B8FEF9700C8267A /* FirebaseAnalytics in Frameworks */ = {isa = PBXBuildFile; productRef = D6772EA22B8FEF9700C8267A /* FirebaseAnalytics */; };
		D6772EA52B8FEF9700C8267A /* FirebaseAnalyticsOnDeviceConversion in Frameworks */ = {isa = PBXBuildFile; productRef = D6772EA42B8FEF9700C8267A /* FirebaseAnalyticsOnDeviceConversion */; };
		D6772EA72B8FEF9700C8267A /* FirebaseAnalyticsSwift in Frameworks */ = {isa = PBXBuildFile; productRef = D6772EA62B8FEF9700C8267A /* FirebaseAnalyticsSwift */; };
		D6772EA92B8FEF9700C8267A /* FirebaseAnalyticsWithoutAdIdSupport in Frameworks */ = {isa = PBXBuildFile; productRef = D6772EA82B8FEF9700C8267A /* FirebaseAnalyticsWithoutAdIdSupport */; };
		D6772EAB2B8FEF9700C8267A /* FirebaseAppCheck in Frameworks */ = {isa = PBXBuildFile; productRef = D6772EAA2B8FEF9700C8267A /* FirebaseAppCheck */; };
		D6772EAD2B8FEF9700C8267A /* FirebaseAppDistribution-Beta in Frameworks */ = {isa = PBXBuildFile; productRef = D6772EAC2B8FEF9700C8267A /* FirebaseAppDistribution-Beta */; };
		D6772EAF2B8FEF9700C8267A /* FirebaseAuth in Frameworks */ = {isa = PBXBuildFile; productRef = D6772EAE2B8FEF9700C8267A /* FirebaseAuth */; };
		D6772EB12B8FEF9700C8267A /* FirebaseAuthCombine-Community in Frameworks */ = {isa = PBXBuildFile; productRef = D6772EB02B8FEF9700C8267A /* FirebaseAuthCombine-Community */; };
		D6772EB32B8FEF9700C8267A /* FirebaseCrashlytics in Frameworks */ = {isa = PBXBuildFile; productRef = D6772EB22B8FEF9700C8267A /* FirebaseCrashlytics */; };
		D6772EB52B8FEF9700C8267A /* FirebaseDatabase in Frameworks */ = {isa = PBXBuildFile; productRef = D6772EB42B8FEF9700C8267A /* FirebaseDatabase */; };
		D6772EB72B8FEF9700C8267A /* FirebaseDatabaseSwift in Frameworks */ = {isa = PBXBuildFile; productRef = D6772EB62B8FEF9700C8267A /* FirebaseDatabaseSwift */; };
		D6772EB92B8FEF9700C8267A /* FirebaseDynamicLinks in Frameworks */ = {isa = PBXBuildFile; productRef = D6772EB82B8FEF9700C8267A /* FirebaseDynamicLinks */; };
		D6772EBB2B8FEF9700C8267A /* FirebaseFirestore in Frameworks */ = {isa = PBXBuildFile; productRef = D6772EBA2B8FEF9700C8267A /* FirebaseFirestore */; };
		D6772EBD2B8FEF9700C8267A /* FirebaseFirestoreCombine-Community in Frameworks */ = {isa = PBXBuildFile; productRef = D6772EBC2B8FEF9700C8267A /* FirebaseFirestoreCombine-Community */; };
		D6772EBF2B8FEF9700C8267A /* FirebaseFirestoreSwift in Frameworks */ = {isa = PBXBuildFile; productRef = D6772EBE2B8FEF9700C8267A /* FirebaseFirestoreSwift */; };
		D6772EC12B8FEF9700C8267A /* FirebaseFunctions in Frameworks */ = {isa = PBXBuildFile; productRef = D6772EC02B8FEF9700C8267A /* FirebaseFunctions */; };
		D6772EC32B8FEF9700C8267A /* FirebaseFunctionsCombine-Community in Frameworks */ = {isa = PBXBuildFile; productRef = D6772EC22B8FEF9700C8267A /* FirebaseFunctionsCombine-Community */; };
		D6772EC52B8FEF9700C8267A /* FirebaseInAppMessaging-Beta in Frameworks */ = {isa = PBXBuildFile; productRef = D6772EC42B8FEF9700C8267A /* FirebaseInAppMessaging-Beta */; };
		D6772EC72B8FEF9700C8267A /* FirebaseInAppMessagingSwift-Beta in Frameworks */ = {isa = PBXBuildFile; productRef = D6772EC62B8FEF9700C8267A /* FirebaseInAppMessagingSwift-Beta */; };
		D6772EC92B8FEF9700C8267A /* FirebaseInstallations in Frameworks */ = {isa = PBXBuildFile; productRef = D6772EC82B8FEF9700C8267A /* FirebaseInstallations */; };
		D6772ECB2B8FEF9700C8267A /* FirebaseMLModelDownloader in Frameworks */ = {isa = PBXBuildFile; productRef = D6772ECA2B8FEF9700C8267A /* FirebaseMLModelDownloader */; };
		D6772ECD2B8FEF9700C8267A /* FirebaseMessaging in Frameworks */ = {isa = PBXBuildFile; productRef = D6772ECC2B8FEF9700C8267A /* FirebaseMessaging */; };
		D6772ECF2B8FEF9700C8267A /* FirebasePerformance in Frameworks */ = {isa = PBXBuildFile; productRef = D6772ECE2B8FEF9700C8267A /* FirebasePerformance */; };
		D6772ED12B8FEF9700C8267A /* FirebaseRemoteConfig in Frameworks */ = {isa = PBXBuildFile; productRef = D6772ED02B8FEF9700C8267A /* FirebaseRemoteConfig */; };
		D6772ED32B8FEF9700C8267A /* FirebaseRemoteConfigSwift in Frameworks */ = {isa = PBXBuildFile; productRef = D6772ED22B8FEF9700C8267A /* FirebaseRemoteConfigSwift */; };
		D6772ED52B8FEF9700C8267A /* FirebaseStorage in Frameworks */ = {isa = PBXBuildFile; productRef = D6772ED42B8FEF9700C8267A /* FirebaseStorage */; };
		D6772ED72B8FEF9700C8267A /* FirebaseStorageCombine-Community in Frameworks */ = {isa = PBXBuildFile; productRef = D6772ED62B8FEF9700C8267A /* FirebaseStorageCombine-Community */; };
		D6BA75B42B90E7D6007698DD /* GoogleService-Info.plist in Resources */ = {isa = PBXBuildFile; fileRef = D6BA75B32B90E7D6007698DD /* GoogleService-Info.plist */; };
		D6BA75B62B90E876007698DD /* FirebaseAnalytics in Frameworks */ = {isa = PBXBuildFile; productRef = D6BA75B52B90E876007698DD /* FirebaseAnalytics */; };
		D6BA75B82B90E876007698DD /* FirebaseAnalyticsOnDeviceConversion in Frameworks */ = {isa = PBXBuildFile; productRef = D6BA75B72B90E876007698DD /* FirebaseAnalyticsOnDeviceConversion */; };
		D6BA75BA2B90E876007698DD /* FirebaseAnalyticsSwift in Frameworks */ = {isa = PBXBuildFile; productRef = D6BA75B92B90E876007698DD /* FirebaseAnalyticsSwift */; };
		D6BA75BC2B90E876007698DD /* FirebaseAnalyticsWithoutAdIdSupport in Frameworks */ = {isa = PBXBuildFile; productRef = D6BA75BB2B90E876007698DD /* FirebaseAnalyticsWithoutAdIdSupport */; };
		D6BA75BE2B90E876007698DD /* FirebaseAppCheck in Frameworks */ = {isa = PBXBuildFile; productRef = D6BA75BD2B90E876007698DD /* FirebaseAppCheck */; };
		D6BA75C02B90E876007698DD /* FirebaseAppDistribution-Beta in Frameworks */ = {isa = PBXBuildFile; productRef = D6BA75BF2B90E876007698DD /* FirebaseAppDistribution-Beta */; };
		D6BA75C22B90E876007698DD /* FirebaseAuth in Frameworks */ = {isa = PBXBuildFile; productRef = D6BA75C12B90E876007698DD /* FirebaseAuth */; };
		D6BA75C42B90E876007698DD /* FirebaseAuthCombine-Community in Frameworks */ = {isa = PBXBuildFile; productRef = D6BA75C32B90E876007698DD /* FirebaseAuthCombine-Community */; };
		D6BA75C62B90E876007698DD /* FirebaseCrashlytics in Frameworks */ = {isa = PBXBuildFile; productRef = D6BA75C52B90E876007698DD /* FirebaseCrashlytics */; };
		D6BA75C82B90E876007698DD /* FirebaseDatabase in Frameworks */ = {isa = PBXBuildFile; productRef = D6BA75C72B90E876007698DD /* FirebaseDatabase */; };
		D6BA75CA2B90E876007698DD /* FirebaseDatabaseSwift in Frameworks */ = {isa = PBXBuildFile; productRef = D6BA75C92B90E876007698DD /* FirebaseDatabaseSwift */; };
		D6BA75CC2B90E876007698DD /* FirebaseDynamicLinks in Frameworks */ = {isa = PBXBuildFile; productRef = D6BA75CB2B90E876007698DD /* FirebaseDynamicLinks */; };
		D6BA75CE2B90E876007698DD /* FirebaseFirestore in Frameworks */ = {isa = PBXBuildFile; productRef = D6BA75CD2B90E876007698DD /* FirebaseFirestore */; };
		D6BA75D02B90E876007698DD /* FirebaseFirestoreCombine-Community in Frameworks */ = {isa = PBXBuildFile; productRef = D6BA75CF2B90E876007698DD /* FirebaseFirestoreCombine-Community */; };
		D6BA75D22B90E876007698DD /* FirebaseFirestoreSwift in Frameworks */ = {isa = PBXBuildFile; productRef = D6BA75D12B90E876007698DD /* FirebaseFirestoreSwift */; };
		D6BA75D42B90E876007698DD /* FirebaseFunctions in Frameworks */ = {isa = PBXBuildFile; productRef = D6BA75D32B90E876007698DD /* FirebaseFunctions */; };
		D6BA75D62B90E876007698DD /* FirebaseFunctionsCombine-Community in Frameworks */ = {isa = PBXBuildFile; productRef = D6BA75D52B90E876007698DD /* FirebaseFunctionsCombine-Community */; };
		D6BA75D82B90E876007698DD /* FirebaseInAppMessaging-Beta in Frameworks */ = {isa = PBXBuildFile; productRef = D6BA75D72B90E876007698DD /* FirebaseInAppMessaging-Beta */; };
		D6BA75DA2B90E876007698DD /* FirebaseInAppMessagingSwift-Beta in Frameworks */ = {isa = PBXBuildFile; productRef = D6BA75D92B90E876007698DD /* FirebaseInAppMessagingSwift-Beta */; };
		D6BA75DC2B90E876007698DD /* FirebaseInstallations in Frameworks */ = {isa = PBXBuildFile; productRef = D6BA75DB2B90E876007698DD /* FirebaseInstallations */; };
		D6BA75DE2B90E876007698DD /* FirebaseMLModelDownloader in Frameworks */ = {isa = PBXBuildFile; productRef = D6BA75DD2B90E876007698DD /* FirebaseMLModelDownloader */; };
		D6BA75E02B90E876007698DD /* FirebaseMessaging in Frameworks */ = {isa = PBXBuildFile; productRef = D6BA75DF2B90E876007698DD /* FirebaseMessaging */; };
		D6BA75E22B90E876007698DD /* FirebasePerformance in Frameworks */ = {isa = PBXBuildFile; productRef = D6BA75E12B90E876007698DD /* FirebasePerformance */; };
		D6BA75E42B90E876007698DD /* FirebaseRemoteConfig in Frameworks */ = {isa = PBXBuildFile; productRef = D6BA75E32B90E876007698DD /* FirebaseRemoteConfig */; };
		D6BA75E62B90E876007698DD /* FirebaseRemoteConfigSwift in Frameworks */ = {isa = PBXBuildFile; productRef = D6BA75E52B90E876007698DD /* FirebaseRemoteConfigSwift */; };
		D6BA75E82B90E876007698DD /* FirebaseStorage in Frameworks */ = {isa = PBXBuildFile; productRef = D6BA75E72B90E876007698DD /* FirebaseStorage */; };
		D6BA75EA2B90E876007698DD /* FirebaseStorageCombine-Community in Frameworks */ = {isa = PBXBuildFile; productRef = D6BA75E92B90E876007698DD /* FirebaseStorageCombine-Community */; };
		D6BA75EE2B90E8F0007698DD /* FirebaseHelper.swift in Sources */ = {isa = PBXBuildFile; fileRef = D6BA75ED2B90E8F0007698DD /* FirebaseHelper.swift */; };
/* End PBXBuildFile section */

/* Begin PBXFileReference section */
		D66AE4F82B7D7B6400B5AF64 /* SuppTrackSwtift.app */ = {isa = PBXFileReference; explicitFileType = wrapper.application; includeInIndex = 0; path = SuppTrackSwtift.app; sourceTree = BUILT_PRODUCTS_DIR; };
		D66AE4FB2B7D7B6400B5AF64 /* SuppTrackSwtiftApp.swift */ = {isa = PBXFileReference; lastKnownFileType = sourcecode.swift; path = SuppTrackSwtiftApp.swift; sourceTree = "<group>"; };
		D66AE4FD2B7D7B6400B5AF64 /* ContentView.swift */ = {isa = PBXFileReference; lastKnownFileType = sourcecode.swift; path = ContentView.swift; sourceTree = "<group>"; };
		D66AE4FF2B7D7B6600B5AF64 /* Assets.xcassets */ = {isa = PBXFileReference; lastKnownFileType = folder.assetcatalog; path = Assets.xcassets; sourceTree = "<group>"; };
		D66AE5022B7D7B6600B5AF64 /* Preview Assets.xcassets */ = {isa = PBXFileReference; lastKnownFileType = folder.assetcatalog; path = "Preview Assets.xcassets"; sourceTree = "<group>"; };
		D66AE5092B7D7D9D00B5AF64 /* LoginScreen.swift */ = {isa = PBXFileReference; lastKnownFileType = sourcecode.swift; path = LoginScreen.swift; sourceTree = "<group>"; };
		D66AE50B2B7D7E4600B5AF64 /* CreateAccount.swift */ = {isa = PBXFileReference; lastKnownFileType = sourcecode.swift; path = CreateAccount.swift; sourceTree = "<group>"; };
		D66AE50D2B7D80B400B5AF64 /* CreateAccountTwo.swift */ = {isa = PBXFileReference; lastKnownFileType = sourcecode.swift; path = CreateAccountTwo.swift; sourceTree = "<group>"; };
		D66D89792B87DFD70042C719 /* HomeScreen.swift */ = {isa = PBXFileReference; lastKnownFileType = sourcecode.swift; path = HomeScreen.swift; sourceTree = "<group>"; };
		D66D897B2B87E0D80042C719 /* Settings.swift */ = {isa = PBXFileReference; lastKnownFileType = sourcecode.swift; path = Settings.swift; sourceTree = "<group>"; };
		D66D897F2B87E0F60042C719 /* SystemPreferences.swift */ = {isa = PBXFileReference; lastKnownFileType = sourcecode.swift; path = SystemPreferences.swift; sourceTree = "<group>"; };
		D66D89812B87E1080042C719 /* RecentlyViewed.swift */ = {isa = PBXFileReference; lastKnownFileType = sourcecode.swift; path = RecentlyViewed.swift; sourceTree = "<group>"; };
		D66D89832B87E11C0042C719 /* Scanner.swift */ = {isa = PBXFileReference; lastKnownFileType = sourcecode.swift; path = Scanner.swift; sourceTree = "<group>"; };
		D66D89852B87E12A0042C719 /* MarketPlace.swift */ = {isa = PBXFileReference; lastKnownFileType = sourcecode.swift; path = MarketPlace.swift; sourceTree = "<group>"; };
		D66D89872B87E1370042C719 /* Menu.swift */ = {isa = PBXFileReference; lastKnownFileType = sourcecode.swift; path = Menu.swift; sourceTree = "<group>"; };
		D67F3ACE2B9683F900B64E89 /* README.md */ = {isa = PBXFileReference; lastKnownFileType = net.daringfireball.markdown; path = README.md; sourceTree = "<group>"; };
		D6BA75B32B90E7D6007698DD /* GoogleService-Info.plist */ = {isa = PBXFileReference; fileEncoding = 4; lastKnownFileType = text.plist.xml; path = "GoogleService-Info.plist"; sourceTree = "<group>"; };
		D6BA75ED2B90E8F0007698DD /* FirebaseHelper.swift */ = {isa = PBXFileReference; lastKnownFileType = sourcecode.swift; path = FirebaseHelper.swift; sourceTree = "<group>"; };
/* End PBXFileReference section */

/* Begin PBXFrameworksBuildPhase section */
		D66AE4F52B7D7B6400B5AF64 /* Frameworks */ = {
			isa = PBXFrameworksBuildPhase;
			buildActionMask = 2147483647;
			files = (
				D6772EB52B8FEF9700C8267A /* FirebaseDatabase in Frameworks */,
				D6772EC32B8FEF9700C8267A /* FirebaseFunctionsCombine-Community in Frameworks */,
				D6772EBB2B8FEF9700C8267A /* FirebaseFirestore in Frameworks */,
				D6BA75DE2B90E876007698DD /* FirebaseMLModelDownloader in Frameworks */,
				D6772EA72B8FEF9700C8267A /* FirebaseAnalyticsSwift in Frameworks */,
				D6BA75DA2B90E876007698DD /* FirebaseInAppMessagingSwift-Beta in Frameworks */,
				D6772EA32B8FEF9700C8267A /* FirebaseAnalytics in Frameworks */,
				D6772EA52B8FEF9700C8267A /* FirebaseAnalyticsOnDeviceConversion in Frameworks */,
				D6772ECB2B8FEF9700C8267A /* FirebaseMLModelDownloader in Frameworks */,
				D6772EBF2B8FEF9700C8267A /* FirebaseFirestoreSwift in Frameworks */,
				D6772EAB2B8FEF9700C8267A /* FirebaseAppCheck in Frameworks */,
				D6772EA92B8FEF9700C8267A /* FirebaseAnalyticsWithoutAdIdSupport in Frameworks */,
				D6BA75DC2B90E876007698DD /* FirebaseInstallations in Frameworks */,
				D6772EAF2B8FEF9700C8267A /* FirebaseAuth in Frameworks */,
				D6772EB32B8FEF9700C8267A /* FirebaseCrashlytics in Frameworks */,
				D6772ED32B8FEF9700C8267A /* FirebaseRemoteConfigSwift in Frameworks */,
				D6BA75EA2B90E876007698DD /* FirebaseStorageCombine-Community in Frameworks */,
				D6BA75CE2B90E876007698DD /* FirebaseFirestore in Frameworks */,
				D6BA75B82B90E876007698DD /* FirebaseAnalyticsOnDeviceConversion in Frameworks */,
				D6772EC52B8FEF9700C8267A /* FirebaseInAppMessaging-Beta in Frameworks */,
				D6BA75B62B90E876007698DD /* FirebaseAnalytics in Frameworks */,
				D6BA75D22B90E876007698DD /* FirebaseFirestoreSwift in Frameworks */,
				D6BA75E42B90E876007698DD /* FirebaseRemoteConfig in Frameworks */,
				D6BA75BE2B90E876007698DD /* FirebaseAppCheck in Frameworks */,
				D6BA75BC2B90E876007698DD /* FirebaseAnalyticsWithoutAdIdSupport in Frameworks */,
				D6BA75E82B90E876007698DD /* FirebaseStorage in Frameworks */,
				D6772EB72B8FEF9700C8267A /* FirebaseDatabaseSwift in Frameworks */,
				D6BA75E62B90E876007698DD /* FirebaseRemoteConfigSwift in Frameworks */,
				D6BA75C42B90E876007698DD /* FirebaseAuthCombine-Community in Frameworks */,
				D6BA75C22B90E876007698DD /* FirebaseAuth in Frameworks */,
				D6772EC12B8FEF9700C8267A /* FirebaseFunctions in Frameworks */,
				D6BA75C02B90E876007698DD /* FirebaseAppDistribution-Beta in Frameworks */,
				D6772ED72B8FEF9700C8267A /* FirebaseStorageCombine-Community in Frameworks */,
				D6772ED12B8FEF9700C8267A /* FirebaseRemoteConfig in Frameworks */,
				D6772EAD2B8FEF9700C8267A /* FirebaseAppDistribution-Beta in Frameworks */,
				D6772EB12B8FEF9700C8267A /* FirebaseAuthCombine-Community in Frameworks */,
				D6BA75D82B90E876007698DD /* FirebaseInAppMessaging-Beta in Frameworks */,
				D6772ECF2B8FEF9700C8267A /* FirebasePerformance in Frameworks */,
				D6772EC72B8FEF9700C8267A /* FirebaseInAppMessagingSwift-Beta in Frameworks */,
				D6BA75D62B90E876007698DD /* FirebaseFunctionsCombine-Community in Frameworks */,
				D6BA75C82B90E876007698DD /* FirebaseDatabase in Frameworks */,
				D6BA75E02B90E876007698DD /* FirebaseMessaging in Frameworks */,
				D6BA75BA2B90E876007698DD /* FirebaseAnalyticsSwift in Frameworks */,
				D6BA75D42B90E876007698DD /* FirebaseFunctions in Frameworks */,
				D6772ED52B8FEF9700C8267A /* FirebaseStorage in Frameworks */,
				D6BA75CA2B90E876007698DD /* FirebaseDatabaseSwift in Frameworks */,
				D6BA75E22B90E876007698DD /* FirebasePerformance in Frameworks */,
				D6772EB92B8FEF9700C8267A /* FirebaseDynamicLinks in Frameworks */,
				D6772EBD2B8FEF9700C8267A /* FirebaseFirestoreCombine-Community in Frameworks */,
				D6BA75C62B90E876007698DD /* FirebaseCrashlytics in Frameworks */,
				D6772ECD2B8FEF9700C8267A /* FirebaseMessaging in Frameworks */,
				D6772EC92B8FEF9700C8267A /* FirebaseInstallations in Frameworks */,
				D6BA75D02B90E876007698DD /* FirebaseFirestoreCombine-Community in Frameworks */,
				D6BA75CC2B90E876007698DD /* FirebaseDynamicLinks in Frameworks */,
			);
			runOnlyForDeploymentPostprocessing = 0;
		};
/* End PBXFrameworksBuildPhase section */

/* Begin PBXGroup section */
		D66AE4EF2B7D7B6400B5AF64 = {
			isa = PBXGroup;
			children = (
				D67F3ACE2B9683F900B64E89 /* README.md */,
				D66AE4FA2B7D7B6400B5AF64 /* SuppTrackSwtift */,
				D66AE4F92B7D7B6400B5AF64 /* Products */,
			);
			sourceTree = "<group>";
		};
		D66AE4F92B7D7B6400B5AF64 /* Products */ = {
			isa = PBXGroup;
			children = (
				D66AE4F82B7D7B6400B5AF64 /* SuppTrackSwtift.app */,
			);
			name = Products;
			sourceTree = "<group>";
		};
		D66AE4FA2B7D7B6400B5AF64 /* SuppTrackSwtift */ = {
			isa = PBXGroup;
			children = (
				D6BA75B32B90E7D6007698DD /* GoogleService-Info.plist */,
				D66AE4FB2B7D7B6400B5AF64 /* SuppTrackSwtiftApp.swift */,
				D66AE50D2B7D80B400B5AF64 /* CreateAccountTwo.swift */,
				D66AE4FD2B7D7B6400B5AF64 /* ContentView.swift */,
				D66D897B2B87E0D80042C719 /* Settings.swift */,
				D66D897F2B87E0F60042C719 /* SystemPreferences.swift */,
				D66D89812B87E1080042C719 /* RecentlyViewed.swift */,
				D66D89832B87E11C0042C719 /* Scanner.swift */,
				D66D89852B87E12A0042C719 /* MarketPlace.swift */,
				D66D89872B87E1370042C719 /* Menu.swift */,
				D66D89792B87DFD70042C719 /* HomeScreen.swift */,
				D66AE50B2B7D7E4600B5AF64 /* CreateAccount.swift */,
				D66AE5092B7D7D9D00B5AF64 /* LoginScreen.swift */,
				D66AE4FF2B7D7B6600B5AF64 /* Assets.xcassets */,
				D66AE5012B7D7B6600B5AF64 /* Preview Content */,
				D6BA75ED2B90E8F0007698DD /* FirebaseHelper.swift */,
			);
			path = SuppTrackSwtift;
			sourceTree = "<group>";
		};
		D66AE5012B7D7B6600B5AF64 /* Preview Content */ = {
			isa = PBXGroup;
			children = (
				D66AE5022B7D7B6600B5AF64 /* Preview Assets.xcassets */,
			);
			path = "Preview Content";
			sourceTree = "<group>";
		};
/* End PBXGroup section */

/* Begin PBXNativeTarget section */
		D66AE4F72B7D7B6400B5AF64 /* SuppTrackSwtift */ = {
			isa = PBXNativeTarget;
			buildConfigurationList = D66AE5062B7D7B6600B5AF64 /* Build configuration list for PBXNativeTarget "SuppTrackSwtift" */;
			buildPhases = (
				D66AE4F42B7D7B6400B5AF64 /* Sources */,
				D66AE4F52B7D7B6400B5AF64 /* Frameworks */,
				D66AE4F62B7D7B6400B5AF64 /* Resources */,
			);
			buildRules = (
			);
			dependencies = (
			);
			name = SuppTrackSwtift;
			packageProductDependencies = (
				D6772EA22B8FEF9700C8267A /* FirebaseAnalytics */,
				D6772EA42B8FEF9700C8267A /* FirebaseAnalyticsOnDeviceConversion */,
				D6772EA62B8FEF9700C8267A /* FirebaseAnalyticsSwift */,
				D6772EA82B8FEF9700C8267A /* FirebaseAnalyticsWithoutAdIdSupport */,
				D6772EAA2B8FEF9700C8267A /* FirebaseAppCheck */,
				D6772EAC2B8FEF9700C8267A /* FirebaseAppDistribution-Beta */,
				D6772EAE2B8FEF9700C8267A /* FirebaseAuth */,
				D6772EB02B8FEF9700C8267A /* FirebaseAuthCombine-Community */,
				D6772EB22B8FEF9700C8267A /* FirebaseCrashlytics */,
				D6772EB42B8FEF9700C8267A /* FirebaseDatabase */,
				D6772EB62B8FEF9700C8267A /* FirebaseDatabaseSwift */,
				D6772EB82B8FEF9700C8267A /* FirebaseDynamicLinks */,
				D6772EBA2B8FEF9700C8267A /* FirebaseFirestore */,
				D6772EBC2B8FEF9700C8267A /* FirebaseFirestoreCombine-Community */,
				D6772EBE2B8FEF9700C8267A /* FirebaseFirestoreSwift */,
				D6772EC02B8FEF9700C8267A /* FirebaseFunctions */,
				D6772EC22B8FEF9700C8267A /* FirebaseFunctionsCombine-Community */,
				D6772EC42B8FEF9700C8267A /* FirebaseInAppMessaging-Beta */,
				D6772EC62B8FEF9700C8267A /* FirebaseInAppMessagingSwift-Beta */,
				D6772EC82B8FEF9700C8267A /* FirebaseInstallations */,
				D6772ECA2B8FEF9700C8267A /* FirebaseMLModelDownloader */,
				D6772ECC2B8FEF9700C8267A /* FirebaseMessaging */,
				D6772ECE2B8FEF9700C8267A /* FirebasePerformance */,
				D6772ED02B8FEF9700C8267A /* FirebaseRemoteConfig */,
				D6772ED22B8FEF9700C8267A /* FirebaseRemoteConfigSwift */,
				D6772ED42B8FEF9700C8267A /* FirebaseStorage */,
				D6772ED62B8FEF9700C8267A /* FirebaseStorageCombine-Community */,
				D6BA75B52B90E876007698DD /* FirebaseAnalytics */,
				D6BA75B72B90E876007698DD /* FirebaseAnalyticsOnDeviceConversion */,
				D6BA75B92B90E876007698DD /* FirebaseAnalyticsSwift */,
				D6BA75BB2B90E876007698DD /* FirebaseAnalyticsWithoutAdIdSupport */,
				D6BA75BD2B90E876007698DD /* FirebaseAppCheck */,
				D6BA75BF2B90E876007698DD /* FirebaseAppDistribution-Beta */,
				D6BA75C12B90E876007698DD /* FirebaseAuth */,
				D6BA75C32B90E876007698DD /* FirebaseAuthCombine-Community */,
				D6BA75C52B90E876007698DD /* FirebaseCrashlytics */,
				D6BA75C72B90E876007698DD /* FirebaseDatabase */,
				D6BA75C92B90E876007698DD /* FirebaseDatabaseSwift */,
				D6BA75CB2B90E876007698DD /* FirebaseDynamicLinks */,
				D6BA75CD2B90E876007698DD /* FirebaseFirestore */,
				D6BA75CF2B90E876007698DD /* FirebaseFirestoreCombine-Community */,
				D6BA75D12B90E876007698DD /* FirebaseFirestoreSwift */,
				D6BA75D32B90E876007698DD /* FirebaseFunctions */,
				D6BA75D52B90E876007698DD /* FirebaseFunctionsCombine-Community */,
				D6BA75D72B90E876007698DD /* FirebaseInAppMessaging-Beta */,
				D6BA75D92B90E876007698DD /* FirebaseInAppMessagingSwift-Beta */,
				D6BA75DB2B90E876007698DD /* FirebaseInstallations */,
				D6BA75DD2B90E876007698DD /* FirebaseMLModelDownloader */,
				D6BA75DF2B90E876007698DD /* FirebaseMessaging */,
				D6BA75E12B90E876007698DD /* FirebasePerformance */,
				D6BA75E32B90E876007698DD /* FirebaseRemoteConfig */,
				D6BA75E52B90E876007698DD /* FirebaseRemoteConfigSwift */,
				D6BA75E72B90E876007698DD /* FirebaseStorage */,
				D6BA75E92B90E876007698DD /* FirebaseStorageCombine-Community */,
			);
			productName = SuppTrackSwtift;
			productReference = D66AE4F82B7D7B6400B5AF64 /* SuppTrackSwtift.app */;
			productType = "com.apple.product-type.application";
		};
/* End PBXNativeTarget section */

/* Begin PBXProject section */
		D66AE4F02B7D7B6400B5AF64 /* Project object */ = {
			isa = PBXProject;
			attributes = {
				BuildIndependentTargetsInParallel = 1;
				LastSwiftUpdateCheck = 1520;
				LastUpgradeCheck = 1520;
				TargetAttributes = {
					D66AE4F72B7D7B6400B5AF64 = {
						CreatedOnToolsVersion = 15.2;
					};
				};
			};
			buildConfigurationList = D66AE4F32B7D7B6400B5AF64 /* Build configuration list for PBXProject "SuppTrackSwtift" */;
			compatibilityVersion = "Xcode 14.0";
			developmentRegion = en;
			hasScannedForEncodings = 0;
			knownRegions = (
				en,
				Base,
			);
			mainGroup = D66AE4EF2B7D7B6400B5AF64;
			packageReferences = (
				D6772EA12B8FEF9700C8267A /* XCRemoteSwiftPackageReference "firebase-ios-sdk" */,
			);
			productRefGroup = D66AE4F92B7D7B6400B5AF64 /* Products */;
			projectDirPath = "";
			projectRoot = "";
			targets = (
				D66AE4F72B7D7B6400B5AF64 /* SuppTrackSwtift */,
			);
		};
/* End PBXProject section */

/* Begin PBXResourcesBuildPhase section */
		D66AE4F62B7D7B6400B5AF64 /* Resources */ = {
			isa = PBXResourcesBuildPhase;
			buildActionMask = 2147483647;
			files = (
				D66AE5032B7D7B6600B5AF64 /* Preview Assets.xcassets in Resources */,
				D66AE5002B7D7B6600B5AF64 /* Assets.xcassets in Resources */,
				D6BA75B42B90E7D6007698DD /* GoogleService-Info.plist in Resources */,
			);
			runOnlyForDeploymentPostprocessing = 0;
		};
/* End PBXResourcesBuildPhase section */

/* Begin PBXSourcesBuildPhase section */
		D66AE4F42B7D7B6400B5AF64 /* Sources */ = {
			isa = PBXSourcesBuildPhase;
			buildActionMask = 2147483647;
			files = (
				D66AE50E2B7D80B400B5AF64 /* CreateAccountTwo.swift in Sources */,
				D66D89802B87E0F60042C719 /* SystemPreferences.swift in Sources */,
				D66AE4FE2B7D7B6400B5AF64 /* ContentView.swift in Sources */,
				D66D897A2B87DFD70042C719 /* HomeScreen.swift in Sources */,
				D66D89822B87E1080042C719 /* RecentlyViewed.swift in Sources */,
				D66AE4FC2B7D7B6400B5AF64 /* SuppTrackSwtiftApp.swift in Sources */,
				D66D89882B87E1370042C719 /* Menu.swift in Sources */,
				D66D897C2B87E0D80042C719 /* Settings.swift in Sources */,
				D66AE50A2B7D7D9D00B5AF64 /* LoginScreen.swift in Sources */,
				D6BA75EE2B90E8F0007698DD /* FirebaseHelper.swift in Sources */,
				D66D89842B87E11C0042C719 /* Scanner.swift in Sources */,
				D66AE50C2B7D7E4600B5AF64 /* CreateAccount.swift in Sources */,
				D66D89862B87E12A0042C719 /* MarketPlace.swift in Sources */,
			);
			runOnlyForDeploymentPostprocessing = 0;
		};
/* End PBXSourcesBuildPhase section */

/* Begin XCBuildConfiguration section */
		D66AE5042B7D7B6600B5AF64 /* Debug */ = {
			isa = XCBuildConfiguration;
			buildSettings = {
				ALWAYS_SEARCH_USER_PATHS = NO;
				ASSETCATALOG_COMPILER_GENERATE_SWIFT_ASSET_SYMBOL_EXTENSIONS = YES;
				CLANG_ANALYZER_NONNULL = YES;
				CLANG_ANALYZER_NUMBER_OBJECT_CONVERSION = YES_AGGRESSIVE;
				CLANG_CXX_LANGUAGE_STANDARD = "gnu++20";
				CLANG_ENABLE_MODULES = YES;
				CLANG_ENABLE_OBJC_ARC = YES;
				CLANG_ENABLE_OBJC_WEAK = YES;
				CLANG_WARN_BLOCK_CAPTURE_AUTORELEASING = YES;
				CLANG_WARN_BOOL_CONVERSION = YES;
				CLANG_WARN_COMMA = YES;
				CLANG_WARN_CONSTANT_CONVERSION = YES;
				CLANG_WARN_DEPRECATED_OBJC_IMPLEMENTATIONS = YES;
				CLANG_WARN_DIRECT_OBJC_ISA_USAGE = YES_ERROR;
				CLANG_WARN_DOCUMENTATION_COMMENTS = YES;
				CLANG_WARN_EMPTY_BODY = YES;
				CLANG_WARN_ENUM_CONVERSION = YES;
				CLANG_WARN_INFINITE_RECURSION = YES;
				CLANG_WARN_INT_CONVERSION = YES;
				CLANG_WARN_NON_LITERAL_NULL_CONVERSION = YES;
				CLANG_WARN_OBJC_IMPLICIT_RETAIN_SELF = YES;
				CLANG_WARN_OBJC_LITERAL_CONVERSION = YES;
				CLANG_WARN_OBJC_ROOT_CLASS = YES_ERROR;
				CLANG_WARN_QUOTED_INCLUDE_IN_FRAMEWORK_HEADER = YES;
				CLANG_WARN_RANGE_LOOP_ANALYSIS = YES;
				CLANG_WARN_STRICT_PROTOTYPES = YES;
				CLANG_WARN_SUSPICIOUS_MOVE = YES;
				CLANG_WARN_UNGUARDED_AVAILABILITY = YES_AGGRESSIVE;
				CLANG_WARN_UNREACHABLE_CODE = YES;
				CLANG_WARN__DUPLICATE_METHOD_MATCH = YES;
				COPY_PHASE_STRIP = NO;
				DEBUG_INFORMATION_FORMAT = dwarf;
				ENABLE_STRICT_OBJC_MSGSEND = YES;
				ENABLE_TESTABILITY = YES;
				ENABLE_USER_SCRIPT_SANDBOXING = YES;
				GCC_C_LANGUAGE_STANDARD = gnu17;
				GCC_DYNAMIC_NO_PIC = NO;
				GCC_NO_COMMON_BLOCKS = YES;
				GCC_OPTIMIZATION_LEVEL = 0;
				GCC_PREPROCESSOR_DEFINITIONS = (
					"DEBUG=1",
					"$(inherited)",
				);
				GCC_WARN_64_TO_32_BIT_CONVERSION = YES;
				GCC_WARN_ABOUT_RETURN_TYPE = YES_ERROR;
				GCC_WARN_UNDECLARED_SELECTOR = YES;
				GCC_WARN_UNINITIALIZED_AUTOS = YES_AGGRESSIVE;
				GCC_WARN_UNUSED_FUNCTION = YES;
				GCC_WARN_UNUSED_VARIABLE = YES;
				IPHONEOS_DEPLOYMENT_TARGET = 17.2;
				LOCALIZATION_PREFERS_STRING_CATALOGS = YES;
				MTL_ENABLE_DEBUG_INFO = INCLUDE_SOURCE;
				MTL_FAST_MATH = YES;
				ONLY_ACTIVE_ARCH = YES;
				SDKROOT = iphoneos;
				SWIFT_ACTIVE_COMPILATION_CONDITIONS = "DEBUG $(inherited)";
				SWIFT_OPTIMIZATION_LEVEL = "-Onone";
			};
			name = Debug;
		};
		D66AE5052B7D7B6600B5AF64 /* Release */ = {
			isa = XCBuildConfiguration;
			buildSettings = {
				ALWAYS_SEARCH_USER_PATHS = NO;
				ASSETCATALOG_COMPILER_GENERATE_SWIFT_ASSET_SYMBOL_EXTENSIONS = YES;
				CLANG_ANALYZER_NONNULL = YES;
				CLANG_ANALYZER_NUMBER_OBJECT_CONVERSION = YES_AGGRESSIVE;
				CLANG_CXX_LANGUAGE_STANDARD = "gnu++20";
				CLANG_ENABLE_MODULES = YES;
				CLANG_ENABLE_OBJC_ARC = YES;
				CLANG_ENABLE_OBJC_WEAK = YES;
				CLANG_WARN_BLOCK_CAPTURE_AUTORELEASING = YES;
				CLANG_WARN_BOOL_CONVERSION = YES;
				CLANG_WARN_COMMA = YES;
				CLANG_WARN_CONSTANT_CONVERSION = YES;
				CLANG_WARN_DEPRECATED_OBJC_IMPLEMENTATIONS = YES;
				CLANG_WARN_DIRECT_OBJC_ISA_USAGE = YES_ERROR;
				CLANG_WARN_DOCUMENTATION_COMMENTS = YES;
				CLANG_WARN_EMPTY_BODY = YES;
				CLANG_WARN_ENUM_CONVERSION = YES;
				CLANG_WARN_INFINITE_RECURSION = YES;
				CLANG_WARN_INT_CONVERSION = YES;
				CLANG_WARN_NON_LITERAL_NULL_CONVERSION = YES;
				CLANG_WARN_OBJC_IMPLICIT_RETAIN_SELF = YES;
				CLANG_WARN_OBJC_LITERAL_CONVERSION = YES;
				CLANG_WARN_OBJC_ROOT_CLASS = YES_ERROR;
				CLANG_WARN_QUOTED_INCLUDE_IN_FRAMEWORK_HEADER = YES;
				CLANG_WARN_RANGE_LOOP_ANALYSIS = YES;
				CLANG_WARN_STRICT_PROTOTYPES = YES;
				CLANG_WARN_SUSPICIOUS_MOVE = YES;
				CLANG_WARN_UNGUARDED_AVAILABILITY = YES_AGGRESSIVE;
				CLANG_WARN_UNREACHABLE_CODE = YES;
				CLANG_WARN__DUPLICATE_METHOD_MATCH = YES;
				COPY_PHASE_STRIP = NO;
				DEBUG_INFORMATION_FORMAT = "dwarf-with-dsym";
				ENABLE_NS_ASSERTIONS = NO;
				ENABLE_STRICT_OBJC_MSGSEND = YES;
				ENABLE_USER_SCRIPT_SANDBOXING = YES;
				GCC_C_LANGUAGE_STANDARD = gnu17;
				GCC_NO_COMMON_BLOCKS = YES;
				GCC_WARN_64_TO_32_BIT_CONVERSION = YES;
				GCC_WARN_ABOUT_RETURN_TYPE = YES_ERROR;
				GCC_WARN_UNDECLARED_SELECTOR = YES;
				GCC_WARN_UNINITIALIZED_AUTOS = YES_AGGRESSIVE;
				GCC_WARN_UNUSED_FUNCTION = YES;
				GCC_WARN_UNUSED_VARIABLE = YES;
				IPHONEOS_DEPLOYMENT_TARGET = 17.2;
				LOCALIZATION_PREFERS_STRING_CATALOGS = YES;
				MTL_ENABLE_DEBUG_INFO = NO;
				MTL_FAST_MATH = YES;
				SDKROOT = iphoneos;
				SWIFT_COMPILATION_MODE = wholemodule;
				VALIDATE_PRODUCT = YES;
			};
			name = Release;
		};
		D66AE5072B7D7B6600B5AF64 /* Debug */ = {
			isa = XCBuildConfiguration;
			buildSettings = {
				ASSETCATALOG_COMPILER_APPICON_NAME = AppIcon;
				ASSETCATALOG_COMPILER_GLOBAL_ACCENT_COLOR_NAME = AccentColor;
				CODE_SIGN_STYLE = Automatic;
				CURRENT_PROJECT_VERSION = 1;
				DEVELOPMENT_ASSET_PATHS = "\"SuppTrackSwtift/Preview Content\"";
				DEVELOPMENT_TEAM = S3U9M9KRR7;
				ENABLE_PREVIEWS = YES;
				GENERATE_INFOPLIST_FILE = YES;
				INFOPLIST_FILE = SuppTrackSwtift/Info.plist;
				INFOPLIST_KEY_UIApplicationSceneManifest_Generation = YES;
				INFOPLIST_KEY_UIApplicationSupportsIndirectInputEvents = YES;
				INFOPLIST_KEY_UILaunchScreen_Generation = YES;
				INFOPLIST_KEY_UISupportedInterfaceOrientations_iPad = "UIInterfaceOrientationPortrait UIInterfaceOrientationPortraitUpsideDown UIInterfaceOrientationLandscapeLeft UIInterfaceOrientationLandscapeRight";
				INFOPLIST_KEY_UISupportedInterfaceOrientations_iPhone = "UIInterfaceOrientationPortrait UIInterfaceOrientationLandscapeLeft UIInterfaceOrientationLandscapeRight";
				LD_RUNPATH_SEARCH_PATHS = (
					"$(inherited)",
					"@executable_path/Frameworks",
				);
				MARKETING_VERSION = 1.0;
				PRODUCT_BUNDLE_IDENTIFIER = com.taylorlea.SuppTrackSwtift;
				PRODUCT_NAME = "$(TARGET_NAME)";
				SWIFT_EMIT_LOC_STRINGS = YES;
				SWIFT_VERSION = 5.0;
				TARGETED_DEVICE_FAMILY = "1,2";
			};
			name = Debug;
		};
		D66AE5082B7D7B6600B5AF64 /* Release */ = {
			isa = XCBuildConfiguration;
			buildSettings = {
				ASSETCATALOG_COMPILER_APPICON_NAME = AppIcon;
				ASSETCATALOG_COMPILER_GLOBAL_ACCENT_COLOR_NAME = AccentColor;
				CODE_SIGN_STYLE = Automatic;
				CURRENT_PROJECT_VERSION = 1;
				DEVELOPMENT_ASSET_PATHS = "\"SuppTrackSwtift/Preview Content\"";
				DEVELOPMENT_TEAM = S3U9M9KRR7;
				ENABLE_PREVIEWS = YES;
				GENERATE_INFOPLIST_FILE = YES;
				INFOPLIST_FILE = SuppTrackSwtift/Info.plist;
				INFOPLIST_KEY_UIApplicationSceneManifest_Generation = YES;
				INFOPLIST_KEY_UIApplicationSupportsIndirectInputEvents = YES;
				INFOPLIST_KEY_UILaunchScreen_Generation = YES;
				INFOPLIST_KEY_UISupportedInterfaceOrientations_iPad = "UIInterfaceOrientationPortrait UIInterfaceOrientationPortraitUpsideDown UIInterfaceOrientationLandscapeLeft UIInterfaceOrientationLandscapeRight";
				INFOPLIST_KEY_UISupportedInterfaceOrientations_iPhone = "UIInterfaceOrientationPortrait UIInterfaceOrientationLandscapeLeft UIInterfaceOrientationLandscapeRight";
				LD_RUNPATH_SEARCH_PATHS = (
					"$(inherited)",
					"@executable_path/Frameworks",
				);
				MARKETING_VERSION = 1.0;
				PRODUCT_BUNDLE_IDENTIFIER = com.taylorlea.SuppTrackSwtift;
				PRODUCT_NAME = "$(TARGET_NAME)";
				SWIFT_EMIT_LOC_STRINGS = YES;
				SWIFT_VERSION = 5.0;
				TARGETED_DEVICE_FAMILY = "1,2";
			};
			name = Release;
		};
/* End XCBuildConfiguration section */

/* Begin XCConfigurationList section */
		D66AE4F32B7D7B6400B5AF64 /* Build configuration list for PBXProject "SuppTrackSwtift" */ = {
			isa = XCConfigurationList;
			buildConfigurations = (
				D66AE5042B7D7B6600B5AF64 /* Debug */,
				D66AE5052B7D7B6600B5AF64 /* Release */,
			);
			defaultConfigurationIsVisible = 0;
			defaultConfigurationName = Release;
		};
		D66AE5062B7D7B6600B5AF64 /* Build configuration list for PBXNativeTarget "SuppTrackSwtift" */ = {
			isa = XCConfigurationList;
			buildConfigurations = (
				D66AE5072B7D7B6600B5AF64 /* Debug */,
				D66AE5082B7D7B6600B5AF64 /* Release */,
			);
			defaultConfigurationIsVisible = 0;
			defaultConfigurationName = Release;
		};
/* End XCConfigurationList section */

/* Begin XCRemoteSwiftPackageReference section */
		D6772EA12B8FEF9700C8267A /* XCRemoteSwiftPackageReference "firebase-ios-sdk" */ = {
			isa = XCRemoteSwiftPackageReference;
			repositoryURL = "https://github.com/firebase/firebase-ios-sdk.git";
			requirement = {
				kind = upToNextMajorVersion;
				minimumVersion = 10.21.0;
			};
		};
/* End XCRemoteSwiftPackageReference section */

/* Begin XCSwiftPackageProductDependency section */
		D6772EA22B8FEF9700C8267A /* FirebaseAnalytics */ = {
			isa = XCSwiftPackageProductDependency;
			package = D6772EA12B8FEF9700C8267A /* XCRemoteSwiftPackageReference "firebase-ios-sdk" */;
			productName = FirebaseAnalytics;
		};
		D6772EA42B8FEF9700C8267A /* FirebaseAnalyticsOnDeviceConversion */ = {
			isa = XCSwiftPackageProductDependency;
			package = D6772EA12B8FEF9700C8267A /* XCRemoteSwiftPackageReference "firebase-ios-sdk" */;
			productName = FirebaseAnalyticsOnDeviceConversion;
		};
		D6772EA62B8FEF9700C8267A /* FirebaseAnalyticsSwift */ = {
			isa = XCSwiftPackageProductDependency;
			package = D6772EA12B8FEF9700C8267A /* XCRemoteSwiftPackageReference "firebase-ios-sdk" */;
			productName = FirebaseAnalyticsSwift;
		};
		D6772EA82B8FEF9700C8267A /* FirebaseAnalyticsWithoutAdIdSupport */ = {
			isa = XCSwiftPackageProductDependency;
			package = D6772EA12B8FEF9700C8267A /* XCRemoteSwiftPackageReference "firebase-ios-sdk" */;
			productName = FirebaseAnalyticsWithoutAdIdSupport;
		};
		D6772EAA2B8FEF9700C8267A /* FirebaseAppCheck */ = {
			isa = XCSwiftPackageProductDependency;
			package = D6772EA12B8FEF9700C8267A /* XCRemoteSwiftPackageReference "firebase-ios-sdk" */;
			productName = FirebaseAppCheck;
		};
		D6772EAC2B8FEF9700C8267A /* FirebaseAppDistribution-Beta */ = {
			isa = XCSwiftPackageProductDependency;
			package = D6772EA12B8FEF9700C8267A /* XCRemoteSwiftPackageReference "firebase-ios-sdk" */;
			productName = "FirebaseAppDistribution-Beta";
		};
		D6772EAE2B8FEF9700C8267A /* FirebaseAuth */ = {
			isa = XCSwiftPackageProductDependency;
			package = D6772EA12B8FEF9700C8267A /* XCRemoteSwiftPackageReference "firebase-ios-sdk" */;
			productName = FirebaseAuth;
		};
		D6772EB02B8FEF9700C8267A /* FirebaseAuthCombine-Community */ = {
			isa = XCSwiftPackageProductDependency;
			package = D6772EA12B8FEF9700C8267A /* XCRemoteSwiftPackageReference "firebase-ios-sdk" */;
			productName = "FirebaseAuthCombine-Community";
		};
		D6772EB22B8FEF9700C8267A /* FirebaseCrashlytics */ = {
			isa = XCSwiftPackageProductDependency;
			package = D6772EA12B8FEF9700C8267A /* XCRemoteSwiftPackageReference "firebase-ios-sdk" */;
			productName = FirebaseCrashlytics;
		};
		D6772EB42B8FEF9700C8267A /* FirebaseDatabase */ = {
			isa = XCSwiftPackageProductDependency;
			package = D6772EA12B8FEF9700C8267A /* XCRemoteSwiftPackageReference "firebase-ios-sdk" */;
			productName = FirebaseDatabase;
		};
		D6772EB62B8FEF9700C8267A /* FirebaseDatabaseSwift */ = {
			isa = XCSwiftPackageProductDependency;
			package = D6772EA12B8FEF9700C8267A /* XCRemoteSwiftPackageReference "firebase-ios-sdk" */;
			productName = FirebaseDatabaseSwift;
		};
		D6772EB82B8FEF9700C8267A /* FirebaseDynamicLinks */ = {
			isa = XCSwiftPackageProductDependency;
			package = D6772EA12B8FEF9700C8267A /* XCRemoteSwiftPackageReference "firebase-ios-sdk" */;
			productName = FirebaseDynamicLinks;
		};
		D6772EBA2B8FEF9700C8267A /* FirebaseFirestore */ = {
			isa = XCSwiftPackageProductDependency;
			package = D6772EA12B8FEF9700C8267A /* XCRemoteSwiftPackageReference "firebase-ios-sdk" */;
			productName = FirebaseFirestore;
		};
		D6772EBC2B8FEF9700C8267A /* FirebaseFirestoreCombine-Community */ = {
			isa = XCSwiftPackageProductDependency;
			package = D6772EA12B8FEF9700C8267A /* XCRemoteSwiftPackageReference "firebase-ios-sdk" */;
			productName = "FirebaseFirestoreCombine-Community";
		};
		D6772EBE2B8FEF9700C8267A /* FirebaseFirestoreSwift */ = {
			isa = XCSwiftPackageProductDependency;
			package = D6772EA12B8FEF9700C8267A /* XCRemoteSwiftPackageReference "firebase-ios-sdk" */;
			productName = FirebaseFirestoreSwift;
		};
		D6772EC02B8FEF9700C8267A /* FirebaseFunctions */ = {
			isa = XCSwiftPackageProductDependency;
			package = D6772EA12B8FEF9700C8267A /* XCRemoteSwiftPackageReference "firebase-ios-sdk" */;
			productName = FirebaseFunctions;
		};
		D6772EC22B8FEF9700C8267A /* FirebaseFunctionsCombine-Community */ = {
			isa = XCSwiftPackageProductDependency;
			package = D6772EA12B8FEF9700C8267A /* XCRemoteSwiftPackageReference "firebase-ios-sdk" */;
			productName = "FirebaseFunctionsCombine-Community";
		};
		D6772EC42B8FEF9700C8267A /* FirebaseInAppMessaging-Beta */ = {
			isa = XCSwiftPackageProductDependency;
			package = D6772EA12B8FEF9700C8267A /* XCRemoteSwiftPackageReference "firebase-ios-sdk" */;
			productName = "FirebaseInAppMessaging-Beta";
		};
		D6772EC62B8FEF9700C8267A /* FirebaseInAppMessagingSwift-Beta */ = {
			isa = XCSwiftPackageProductDependency;
			package = D6772EA12B8FEF9700C8267A /* XCRemoteSwiftPackageReference "firebase-ios-sdk" */;
			productName = "FirebaseInAppMessagingSwift-Beta";
		};
		D6772EC82B8FEF9700C8267A /* FirebaseInstallations */ = {
			isa = XCSwiftPackageProductDependency;
			package = D6772EA12B8FEF9700C8267A /* XCRemoteSwiftPackageReference "firebase-ios-sdk" */;
			productName = FirebaseInstallations;
		};
		D6772ECA2B8FEF9700C8267A /* FirebaseMLModelDownloader */ = {
			isa = XCSwiftPackageProductDependency;
			package = D6772EA12B8FEF9700C8267A /* XCRemoteSwiftPackageReference "firebase-ios-sdk" */;
			productName = FirebaseMLModelDownloader;
		};
		D6772ECC2B8FEF9700C8267A /* FirebaseMessaging */ = {
			isa = XCSwiftPackageProductDependency;
			package = D6772EA12B8FEF9700C8267A /* XCRemoteSwiftPackageReference "firebase-ios-sdk" */;
			productName = FirebaseMessaging;
		};
		D6772ECE2B8FEF9700C8267A /* FirebasePerformance */ = {
			isa = XCSwiftPackageProductDependency;
			package = D6772EA12B8FEF9700C8267A /* XCRemoteSwiftPackageReference "firebase-ios-sdk" */;
			productName = FirebasePerformance;
		};
		D6772ED02B8FEF9700C8267A /* FirebaseRemoteConfig */ = {
			isa = XCSwiftPackageProductDependency;
			package = D6772EA12B8FEF9700C8267A /* XCRemoteSwiftPackageReference "firebase-ios-sdk" */;
			productName = FirebaseRemoteConfig;
		};
		D6772ED22B8FEF9700C8267A /* FirebaseRemoteConfigSwift */ = {
			isa = XCSwiftPackageProductDependency;
			package = D6772EA12B8FEF9700C8267A /* XCRemoteSwiftPackageReference "firebase-ios-sdk" */;
			productName = FirebaseRemoteConfigSwift;
		};
		D6772ED42B8FEF9700C8267A /* FirebaseStorage */ = {
			isa = XCSwiftPackageProductDependency;
			package = D6772EA12B8FEF9700C8267A /* XCRemoteSwiftPackageReference "firebase-ios-sdk" */;
			productName = FirebaseStorage;
		};
		D6772ED62B8FEF9700C8267A /* FirebaseStorageCombine-Community */ = {
			isa = XCSwiftPackageProductDependency;
			package = D6772EA12B8FEF9700C8267A /* XCRemoteSwiftPackageReference "firebase-ios-sdk" */;
			productName = "FirebaseStorageCombine-Community";
		};
		D6BA75B52B90E876007698DD /* FirebaseAnalytics */ = {
			isa = XCSwiftPackageProductDependency;
			package = D6772EA12B8FEF9700C8267A /* XCRemoteSwiftPackageReference "firebase-ios-sdk" */;
			productName = FirebaseAnalytics;
		};
		D6BA75B72B90E876007698DD /* FirebaseAnalyticsOnDeviceConversion */ = {
			isa = XCSwiftPackageProductDependency;
			package = D6772EA12B8FEF9700C8267A /* XCRemoteSwiftPackageReference "firebase-ios-sdk" */;
			productName = FirebaseAnalyticsOnDeviceConversion;
		};
		D6BA75B92B90E876007698DD /* FirebaseAnalyticsSwift */ = {
			isa = XCSwiftPackageProductDependency;
			package = D6772EA12B8FEF9700C8267A /* XCRemoteSwiftPackageReference "firebase-ios-sdk" */;
			productName = FirebaseAnalyticsSwift;
		};
		D6BA75BB2B90E876007698DD /* FirebaseAnalyticsWithoutAdIdSupport */ = {
			isa = XCSwiftPackageProductDependency;
			package = D6772EA12B8FEF9700C8267A /* XCRemoteSwiftPackageReference "firebase-ios-sdk" */;
			productName = FirebaseAnalyticsWithoutAdIdSupport;
		};
		D6BA75BD2B90E876007698DD /* FirebaseAppCheck */ = {
			isa = XCSwiftPackageProductDependency;
			package = D6772EA12B8FEF9700C8267A /* XCRemoteSwiftPackageReference "firebase-ios-sdk" */;
			productName = FirebaseAppCheck;
		};
		D6BA75BF2B90E876007698DD /* FirebaseAppDistribution-Beta */ = {
			isa = XCSwiftPackageProductDependency;
			package = D6772EA12B8FEF9700C8267A /* XCRemoteSwiftPackageReference "firebase-ios-sdk" */;
			productName = "FirebaseAppDistribution-Beta";
		};
		D6BA75C12B90E876007698DD /* FirebaseAuth */ = {
			isa = XCSwiftPackageProductDependency;
			package = D6772EA12B8FEF9700C8267A /* XCRemoteSwiftPackageReference "firebase-ios-sdk" */;
			productName = FirebaseAuth;
		};
		D6BA75C32B90E876007698DD /* FirebaseAuthCombine-Community */ = {
			isa = XCSwiftPackageProductDependency;
			package = D6772EA12B8FEF9700C8267A /* XCRemoteSwiftPackageReference "firebase-ios-sdk" */;
			productName = "FirebaseAuthCombine-Community";
		};
		D6BA75C52B90E876007698DD /* FirebaseCrashlytics */ = {
			isa = XCSwiftPackageProductDependency;
			package = D6772EA12B8FEF9700C8267A /* XCRemoteSwiftPackageReference "firebase-ios-sdk" */;
			productName = FirebaseCrashlytics;
		};
		D6BA75C72B90E876007698DD /* FirebaseDatabase */ = {
			isa = XCSwiftPackageProductDependency;
			package = D6772EA12B8FEF9700C8267A /* XCRemoteSwiftPackageReference "firebase-ios-sdk" */;
			productName = FirebaseDatabase;
		};
		D6BA75C92B90E876007698DD /* FirebaseDatabaseSwift */ = {
			isa = XCSwiftPackageProductDependency;
			package = D6772EA12B8FEF9700C8267A /* XCRemoteSwiftPackageReference "firebase-ios-sdk" */;
			productName = FirebaseDatabaseSwift;
		};
		D6BA75CB2B90E876007698DD /* FirebaseDynamicLinks */ = {
			isa = XCSwiftPackageProductDependency;
			package = D6772EA12B8FEF9700C8267A /* XCRemoteSwiftPackageReference "firebase-ios-sdk" */;
			productName = FirebaseDynamicLinks;
		};
		D6BA75CD2B90E876007698DD /* FirebaseFirestore */ = {
			isa = XCSwiftPackageProductDependency;
			package = D6772EA12B8FEF9700C8267A /* XCRemoteSwiftPackageReference "firebase-ios-sdk" */;
			productName = FirebaseFirestore;
		};
		D6BA75CF2B90E876007698DD /* FirebaseFirestoreCombine-Community */ = {
			isa = XCSwiftPackageProductDependency;
			package = D6772EA12B8FEF9700C8267A /* XCRemoteSwiftPackageReference "firebase-ios-sdk" */;
			productName = "FirebaseFirestoreCombine-Community";
		};
		D6BA75D12B90E876007698DD /* FirebaseFirestoreSwift */ = {
			isa = XCSwiftPackageProductDependency;
			package = D6772EA12B8FEF9700C8267A /* XCRemoteSwiftPackageReference "firebase-ios-sdk" */;
			productName = FirebaseFirestoreSwift;
		};
		D6BA75D32B90E876007698DD /* FirebaseFunctions */ = {
			isa = XCSwiftPackageProductDependency;
			package = D6772EA12B8FEF9700C8267A /* XCRemoteSwiftPackageReference "firebase-ios-sdk" */;
			productName = FirebaseFunctions;
		};
		D6BA75D52B90E876007698DD /* FirebaseFunctionsCombine-Community */ = {
			isa = XCSwiftPackageProductDependency;
			package = D6772EA12B8FEF9700C8267A /* XCRemoteSwiftPackageReference "firebase-ios-sdk" */;
			productName = "FirebaseFunctionsCombine-Community";
		};
		D6BA75D72B90E876007698DD /* FirebaseInAppMessaging-Beta */ = {
			isa = XCSwiftPackageProductDependency;
			package = D6772EA12B8FEF9700C8267A /* XCRemoteSwiftPackageReference "firebase-ios-sdk" */;
			productName = "FirebaseInAppMessaging-Beta";
		};
		D6BA75D92B90E876007698DD /* FirebaseInAppMessagingSwift-Beta */ = {
			isa = XCSwiftPackageProductDependency;
			package = D6772EA12B8FEF9700C8267A /* XCRemoteSwiftPackageReference "firebase-ios-sdk" */;
			productName = "FirebaseInAppMessagingSwift-Beta";
		};
		D6BA75DB2B90E876007698DD /* FirebaseInstallations */ = {
			isa = XCSwiftPackageProductDependency;
			package = D6772EA12B8FEF9700C8267A /* XCRemoteSwiftPackageReference "firebase-ios-sdk" */;
			productName = FirebaseInstallations;
		};
		D6BA75DD2B90E876007698DD /* FirebaseMLModelDownloader */ = {
			isa = XCSwiftPackageProductDependency;
			package = D6772EA12B8FEF9700C8267A /* XCRemoteSwiftPackageReference "firebase-ios-sdk" */;
			productName = FirebaseMLModelDownloader;
		};
		D6BA75DF2B90E876007698DD /* FirebaseMessaging */ = {
			isa = XCSwiftPackageProductDependency;
			package = D6772EA12B8FEF9700C8267A /* XCRemoteSwiftPackageReference "firebase-ios-sdk" */;
			productName = FirebaseMessaging;
		};
		D6BA75E12B90E876007698DD /* FirebasePerformance */ = {
			isa = XCSwiftPackageProductDependency;
			package = D6772EA12B8FEF9700C8267A /* XCRemoteSwiftPackageReference "firebase-ios-sdk" */;
			productName = FirebasePerformance;
		};
		D6BA75E32B90E876007698DD /* FirebaseRemoteConfig */ = {
			isa = XCSwiftPackageProductDependency;
			package = D6772EA12B8FEF9700C8267A /* XCRemoteSwiftPackageReference "firebase-ios-sdk" */;
			productName = FirebaseRemoteConfig;
		};
		D6BA75E52B90E876007698DD /* FirebaseRemoteConfigSwift */ = {
			isa = XCSwiftPackageProductDependency;
			package = D6772EA12B8FEF9700C8267A /* XCRemoteSwiftPackageReference "firebase-ios-sdk" */;
			productName = FirebaseRemoteConfigSwift;
		};
		D6BA75E72B90E876007698DD /* FirebaseStorage */ = {
			isa = XCSwiftPackageProductDependency;
			package = D6772EA12B8FEF9700C8267A /* XCRemoteSwiftPackageReference "firebase-ios-sdk" */;
			productName = FirebaseStorage;
		};
		D6BA75E92B90E876007698DD /* FirebaseStorageCombine-Community */ = {
			isa = XCSwiftPackageProductDependency;
			package = D6772EA12B8FEF9700C8267A /* XCRemoteSwiftPackageReference "firebase-ios-sdk" */;
			productName = "FirebaseStorageCombine-Community";
		};
/* End XCSwiftPackageProductDependency section */
	};
	rootObject = D66AE4F02B7D7B6400B5AF64 /* Project object */;
}
